
Microsoft Visual Studio Solution File, Format Version 12.00
# Visual Studio Version 16
VisualStudioVersion = 16.0.29001.49
MinimumVisualStudioVersion = 10.0.40219.1
Project("{FAE04EC0-301F-11D3-BF4B-00C04F79EFBC}") = "Arrays - Task 6", "Arrays - Task 6\Arrays - Task 6.csproj", "{CBBA0349-A07B-4F50-A378-5085A77E33F8}"
EndProject
Global
	GlobalSection(SolutionConfigurationPlatforms) = preSolution
		Debug|Any CPU = Debug|Any CPU
		Release|Any CPU = Release|Any CPU
	EndGlobalSection
	GlobalSection(ProjectConfigurationPlatforms) = postSolution
		{CBBA0349-A07B-4F50-A378-5085A77E33F8}.Debug|Any CPU.ActiveCfg = Debug|Any CPU
		{CBBA0349-A07B-4F50-A378-5085A77E33F8}.Debug|Any CPU.Build.0 = Debug|Any CPU
		{CBBA0349-A07B-4F50-A378-5085A77E33F8}.Release|Any CPU.ActiveCfg = Release|Any CPU
		{CBBA0349-A07B-4F50-A378-5085A77E33F8}.Release|Any CPU.Build.0 = Release|Any CPU
	EndGlobalSection
	GlobalSection(SolutionProperties) = preSolution
		HideSolutionNode = FALSE
	EndGlobalSection
	GlobalSection(ExtensibilityGlobals) = postSolution
		SolutionGuid = {2994CBD9-0D0E-45EA-A0CA-740498802AC1}
	EndGlobalSection
EndGlobal
